
Microsoft Visual Studio Solution File, Format Version 12.00
# Visual Studio Version 17
VisualStudioVersion = 17.6.33712.159
MinimumVisualStudioVersion = 10.0.40219.1
Project("{FAE04EC0-301F-11D3-BF4B-00C04F79EFBC}") = "Organizer", "Organizer\Organizer.csproj", "{E8870209-C240-494A-8A63-0438BFFAB6B4}"
EndProject
Global
	GlobalSection(SolutionConfigurationPlatforms) = preSolution
		Debug|Any CPU = Debug|Any CPU
		Release|Any CPU = Release|Any CPU
	EndGlobalSection
	GlobalSection(ProjectConfigurationPlatforms) = postSolution
		{E8870209-C240-494A-8A63-0438BFFAB6B4}.Debug|Any CPU.ActiveCfg = Debug|Any CPU
		{E8870209-C240-494A-8A63-0438BFFAB6B4}.Debug|Any CPU.Build.0 = Debug|Any CPU
		{E8870209-C240-494A-8A63-0438BFFAB6B4}.Release|Any CPU.ActiveCfg = Release|Any CPU
		{E8870209-C240-494A-8A63-0438BFFAB6B4}.Release|Any CPU.Build.0 = Release|Any CPU
	EndGlobalSection
	GlobalSection(SolutionProperties) = preSolution
		HideSolutionNode = FALSE
	EndGlobalSection
	GlobalSection(ExtensibilityGlobals) = postSolution
		SolutionGuid = {4438CD72-888D-42C5-AE2F-65EEC7F40AA4}
	EndGlobalSection
EndGlobal
